<?xml version="1.0" encoding="utf-8"?>
<Project ToolsVersion="4.0" xmlns="http://schemas.microsoft.com/developer/msbuild/2003">
  <ItemGroup>
    <Filter Include="Source Files">
      <UniqueIdentifier>{4FC737F1-C7A5-4376-A066-2A32D752A2FF}</UniqueIdentifier>
      <Extensions>cpp;c;cc;cxx;def;odl;idl;hpj;bat;asm;asmx</Extensions>
    </Filter>
    <Filter Include="Header Files">
      <UniqueIdentifier>{93995380-89BD-4b04-88EB-625FBE52EBFB}</UniqueIdentifier>
      <Extensions>h;hh;hpp;hxx;hm;inl;inc;xsd</Extensions>
    </Filter>
    <Filter Include="Source Files\Resource Files">
      <UniqueIdentifier>{67DA6AB6-F800-4c08-8B7A-83BB121AAD01}</UniqueIdentifier>
      <Extensions>rc;ico;cur;bmp;dlg;rc2;rct;bin;rgs;gif;jpg;jpeg;jpe;resx;tiff;tif;png;wav;mfcribbon-ms</Extensions>
    </Filter>
  </ItemGroup>
  <ItemGroup>
    <Text Include="ReadMe.txt" />
  </ItemGroup>
  <ItemGroup>
    <ClCompile Include="Engine.cpp">
      <Filter>Source Files</Filter>
    </ClCompile>
    <ClCompile Include="Source\MemoryManagement\HeapManager.cpp">
      <Filter>Source Files</Filter>
    </ClCompile>
    <ClCompile Include="Source\Math\Vector2D.cpp">
      <Filter>Source Files</Filter>
    </ClCompile>
    <ClCompile Include="Source\MemoryManagement\HeapManagerProxy-Sample.cpp">
      <Filter>Source Files</Filter>
    </ClCompile>
    <ClCompile Include="UnitTest\Vector2D_UnitTest.cpp">
      <Filter>Source Files</Filter>
    </ClCompile>
    <ClCompile Include="UnitTest\HeapManager_UnitTest.cpp">
      <Filter>Source Files</Filter>
    </ClCompile>
    <ClCompile Include="Source\Utility\GameObjectController.cpp">
      <Filter>Source Files</Filter>
    </ClCompile>
    <ClCompile Include="Source\Utility\GameObject.cpp">
      <Filter>Source Files</Filter>
    </ClCompile>
    <ClCompile Include="Source\MemoryManagement\BitArray.cpp">
      <Filter>Source Files</Filter>
    </ClCompile>
    <ClCompile Include="UnitTest\BitArray_UnitTest.cpp">
      <Filter>Source Files</Filter>
    </ClCompile>
    <ClCompile Include="Source\MemoryManagement\FixedSizeAllocator.cpp">
      <Filter>Source Files</Filter>
    </ClCompile>
    <ClCompile Include="Source\MemoryManagement\HeapOperations.cpp">
      <Filter>Source Files</Filter>
    </ClCompile>
    <ClCompile Include="UnitTest\FSA_UnitTest.cpp">
      <Filter>Source Files</Filter>
    </ClCompile>
  </ItemGroup>
  <ItemGroup>
    <ClInclude Include="Engine.h">
      <Filter>Header Files</Filter>
    </ClInclude>
    <ClInclude Include="Source\Math\Vector2D.h">
      <Filter>Header Files</Filter>
    </ClInclude>
    <ClInclude Include="Source\Math\Vector2D-inl.h">
      <Filter>Header Files</Filter>
    </ClInclude>
    <ClInclude Include="Source\MemoryManagement\HeapManager.h">
      <Filter>Header Files</Filter>
    </ClInclude>
    <ClInclude Include="Source\MemoryManagement\BlockDescriptor.h">
      <Filter>Header Files</Filter>
    </ClInclude>
    <ClInclude Include="Source\MemoryManagement\HeapManager-inl.h">
      <Filter>Header Files</Filter>
    </ClInclude>
    <ClInclude Include="Source\MemoryManagement\HeapManagerProxy.h">
      <Filter>Header Files</Filter>
    </ClInclude>
    <ClInclude Include="UnitTest\Vector2D_UnitTest.h">
      <Filter>Header Files</Filter>
    </ClInclude>
    <ClInclude Include="UnitTest\HeapManager_UnitTest.h">
      <Filter>Header Files</Filter>
    </ClInclude>
    <ClInclude Include="Source\Utility\GameObject.h">
      <Filter>Header Files</Filter>
    </ClInclude>
    <ClInclude Include="Source\Utility\GameObject-inl.h">
      <Filter>Header Files</Filter>
    </ClInclude>
    <ClInclude Include="Source\Utility\GameObjectController.h">
      <Filter>Header Files</Filter>
    </ClInclude>
    <ClInclude Include="Source\MemoryManagement\BitArray.h">
      <Filter>Header Files</Filter>
    </ClInclude>
    <ClInclude Include="UnitTest\BitArray_UnitTest.h">
      <Filter>Header Files</Filter>
    </ClInclude>
    <ClInclude Include="Source\MemoryManagement\FixedSizeAllocator.h">
      <Filter>Header Files</Filter>
    </ClInclude>
    <ClInclude Include="Source\MemoryManagement\HeapOperations.h">
      <Filter>Header Files</Filter>
    </ClInclude>
    <ClInclude Include="UnitTest\FSA_UnitTest.h">
      <Filter>Header Files</Filter>
    </ClInclude>
  </ItemGroup>
  <ItemGroup>
    <None Include="ClassDiagram.cd" />
  </ItemGroup>
</Project>